
Microsoft Visual Studio Solution File, Format Version 12.00
# Visual Studio Version 16
VisualStudioVersion = 16.0.32802.440
MinimumVisualStudioVersion = 10.0.40219.1
Project("{FAE04EC0-301F-11D3-BF4B-00C04F79EFBC}") = "bookstore", "bookstore\bookstore.csproj", "{F063AED8-994A-4CE0-98DB-AE9B4C227D5B}"
EndProject
Global
	GlobalSection(SolutionConfigurationPlatforms) = preSolution
		Debug|Any CPU = Debug|Any CPU
		Release|Any CPU = Release|Any CPU
	EndGlobalSection
	GlobalSection(ProjectConfigurationPlatforms) = postSolution
		{F063AED8-994A-4CE0-98DB-AE9B4C227D5B}.Debug|Any CPU.ActiveCfg = Debug|Any CPU
		{F063AED8-994A-4CE0-98DB-AE9B4C227D5B}.Debug|Any CPU.Build.0 = Debug|Any CPU
		{F063AED8-994A-4CE0-98DB-AE9B4C227D5B}.Release|Any CPU.ActiveCfg = Release|Any CPU
		{F063AED8-994A-4CE0-98DB-AE9B4C227D5B}.Release|Any CPU.Build.0 = Release|Any CPU
	EndGlobalSection
	GlobalSection(SolutionProperties) = preSolution
		HideSolutionNode = FALSE
	EndGlobalSection
	GlobalSection(ExtensibilityGlobals) = postSolution
		SolutionGuid = {FF812361-A8ED-4BF7-8191-25DDC0580FFB}
	EndGlobalSection
EndGlobal
